
Microsoft Visual Studio Solution File, Format Version 12.00
# Visual Studio Version 17
VisualStudioVersion = 17.4.33213.308
MinimumVisualStudioVersion = 10.0.40219.1
Project("{9A19103F-16F7-4668-BE54-9A1E7A4F7556}") = "UndervisningC+NET", "UndervisningC+NET\UndervisningC+NET.csproj", "{C90BDE72-1704-4486-95CF-9675DAF91E22}"
EndProject
Project("{9A19103F-16F7-4668-BE54-9A1E7A4F7556}") = "Lektion3", "Lektion32\Lektion3.csproj", "{35E94660-B767-41DC-BF65-F42DE7EE438F}"
EndProject
Project("{9A19103F-16F7-4668-BE54-9A1E7A4F7556}") = "Lektion3-Shape", "Shape\Lektion3-Shape.csproj", "{E3A197F3-6C61-4D75-A678-25EFC772582A}"
EndProject
Project("{9A19103F-16F7-4668-BE54-9A1E7A4F7556}") = "Lektion3-Værksted", "Lektion3-Værksted\Lektion3-Værksted.csproj", "{E6F49BBF-5A8A-4562-BD98-7D5FA869819F}"
EndProject
Project("{9A19103F-16F7-4668-BE54-9A1E7A4F7556}") = "Time", "Time\Time.csproj", "{DDEC80F2-1811-414B-8870-3969BFF8EB05}"
EndProject
Project("{9A19103F-16F7-4668-BE54-9A1E7A4F7556}") = "Lektion4", "Lektion4\Lektion4.csproj", "{7CDDC4AD-2505-4A87-B215-82D730DC7ACB}"
EndProject
Project("{2150E333-8FDC-42A3-9474-1A3956D46DE8}") = "Lektion_3", "Lektion_3", "{D9911632-EC0A-4D67-BAAE-845FB2E23ADB}"
EndProject
Project("{9A19103F-16F7-4668-BE54-9A1E7A4F7556}") = "PowerPlant", "PowerPlant\PowerPlant.csproj", "{35AE7735-56BE-4996-A195-5EE368C57AA8}"
EndProject
Project("{9A19103F-16F7-4668-BE54-9A1E7A4F7556}") = "PlayingCards", "PlayingCards\PlayingCards.csproj", "{F6582C1D-FD87-4164-AE11-C33E8C37DB8A}"
EndProject
Project("{2150E333-8FDC-42A3-9474-1A3956D46DE8}") = "Lektion_4", "Lektion_4", "{AAD95EFA-6C0C-43CE-ADD3-2666ACB201CD}"
EndProject
Project("{9A19103F-16F7-4668-BE54-9A1E7A4F7556}") = "Lektion5", "Lektion5\Lektion5.csproj", "{F684C64C-8653-4190-91FA-D68EC1DADFFE}"
EndProject
Project("{2150E333-8FDC-42A3-9474-1A3956D46DE8}") = "Lektion_5", "Lektion_5", "{DD2D24E8-A8A4-4B43-A821-6A9F34F0F979}"
EndProject
Project("{FAE04EC0-301F-11D3-BF4B-00C04F79EFBC}") = "Lektion6", "Lektion6\Lektion6.csproj", "{FF1F59E8-59D5-4E27-80C3-209E0DB3FDEF}"
EndProject
Project("{FAE04EC0-301F-11D3-BF4B-00C04F79EFBC}") = "SwitchButtons", "SwitchButtons\SwitchButtons.csproj", "{D9F94D49-03F1-446B-9E7A-20456BFFEF51}"
EndProject
Project("{FAE04EC0-301F-11D3-BF4B-00C04F79EFBC}") = "DockPanel", "DockPanel\DockPanel.csproj", "{A26D3932-54E5-40D1-A752-7ABE46DB0024}"
EndProject
Global
	GlobalSection(SolutionConfigurationPlatforms) = preSolution
		Debug|Any CPU = Debug|Any CPU
		Release|Any CPU = Release|Any CPU
	EndGlobalSection
	GlobalSection(ProjectConfigurationPlatforms) = postSolution
		{C90BDE72-1704-4486-95CF-9675DAF91E22}.Debug|Any CPU.ActiveCfg = Debug|Any CPU
		{C90BDE72-1704-4486-95CF-9675DAF91E22}.Debug|Any CPU.Build.0 = Debug|Any CPU
		{C90BDE72-1704-4486-95CF-9675DAF91E22}.Release|Any CPU.ActiveCfg = Release|Any CPU
		{C90BDE72-1704-4486-95CF-9675DAF91E22}.Release|Any CPU.Build.0 = Release|Any CPU
		{35E94660-B767-41DC-BF65-F42DE7EE438F}.Debug|Any CPU.ActiveCfg = Debug|Any CPU
		{35E94660-B767-41DC-BF65-F42DE7EE438F}.Debug|Any CPU.Build.0 = Debug|Any CPU
		{35E94660-B767-41DC-BF65-F42DE7EE438F}.Release|Any CPU.ActiveCfg = Release|Any CPU
		{35E94660-B767-41DC-BF65-F42DE7EE438F}.Release|Any CPU.Build.0 = Release|Any CPU
		{E3A197F3-6C61-4D75-A678-25EFC772582A}.Debug|Any CPU.ActiveCfg = Debug|Any CPU
		{E3A197F3-6C61-4D75-A678-25EFC772582A}.Debug|Any CPU.Build.0 = Debug|Any CPU
		{E3A197F3-6C61-4D75-A678-25EFC772582A}.Release|Any CPU.ActiveCfg = Release|Any CPU
		{E3A197F3-6C61-4D75-A678-25EFC772582A}.Release|Any CPU.Build.0 = Release|Any CPU
		{E6F49BBF-5A8A-4562-BD98-7D5FA869819F}.Debug|Any CPU.ActiveCfg = Debug|Any CPU
		{E6F49BBF-5A8A-4562-BD98-7D5FA869819F}.Debug|Any CPU.Build.0 = Debug|Any CPU
		{E6F49BBF-5A8A-4562-BD98-7D5FA869819F}.Release|Any CPU.ActiveCfg = Release|Any CPU
		{E6F49BBF-5A8A-4562-BD98-7D5FA869819F}.Release|Any CPU.Build.0 = Release|Any CPU
		{DDEC80F2-1811-414B-8870-3969BFF8EB05}.Debug|Any CPU.ActiveCfg = Debug|Any CPU
		{DDEC80F2-1811-414B-8870-3969BFF8EB05}.Debug|Any CPU.Build.0 = Debug|Any CPU
		{DDEC80F2-1811-414B-8870-3969BFF8EB05}.Release|Any CPU.ActiveCfg = Release|Any CPU
		{DDEC80F2-1811-414B-8870-3969BFF8EB05}.Release|Any CPU.Build.0 = Release|Any CPU
		{7CDDC4AD-2505-4A87-B215-82D730DC7ACB}.Debug|Any CPU.ActiveCfg = Debug|Any CPU
		{7CDDC4AD-2505-4A87-B215-82D730DC7ACB}.Debug|Any CPU.Build.0 = Debug|Any CPU
		{7CDDC4AD-2505-4A87-B215-82D730DC7ACB}.Release|Any CPU.ActiveCfg = Release|Any CPU
		{7CDDC4AD-2505-4A87-B215-82D730DC7ACB}.Release|Any CPU.Build.0 = Release|Any CPU
		{35AE7735-56BE-4996-A195-5EE368C57AA8}.Debug|Any CPU.ActiveCfg = Debug|Any CPU
		{35AE7735-56BE-4996-A195-5EE368C57AA8}.Debug|Any CPU.Build.0 = Debug|Any CPU
		{35AE7735-56BE-4996-A195-5EE368C57AA8}.Release|Any CPU.ActiveCfg = Release|Any CPU
		{35AE7735-56BE-4996-A195-5EE368C57AA8}.Release|Any CPU.Build.0 = Release|Any CPU
		{F6582C1D-FD87-4164-AE11-C33E8C37DB8A}.Debug|Any CPU.ActiveCfg = Debug|Any CPU
		{F6582C1D-FD87-4164-AE11-C33E8C37DB8A}.Debug|Any CPU.Build.0 = Debug|Any CPU
		{F6582C1D-FD87-4164-AE11-C33E8C37DB8A}.Release|Any CPU.ActiveCfg = Release|Any CPU
		{F6582C1D-FD87-4164-AE11-C33E8C37DB8A}.Release|Any CPU.Build.0 = Release|Any CPU
		{F684C64C-8653-4190-91FA-D68EC1DADFFE}.Debug|Any CPU.ActiveCfg = Debug|Any CPU
		{F684C64C-8653-4190-91FA-D68EC1DADFFE}.Debug|Any CPU.Build.0 = Debug|Any CPU
		{F684C64C-8653-4190-91FA-D68EC1DADFFE}.Release|Any CPU.ActiveCfg = Release|Any CPU
		{F684C64C-8653-4190-91FA-D68EC1DADFFE}.Release|Any CPU.Build.0 = Release|Any CPU
		{FF1F59E8-59D5-4E27-80C3-209E0DB3FDEF}.Debug|Any CPU.ActiveCfg = Debug|Any CPU
		{FF1F59E8-59D5-4E27-80C3-209E0DB3FDEF}.Debug|Any CPU.Build.0 = Debug|Any CPU
		{FF1F59E8-59D5-4E27-80C3-209E0DB3FDEF}.Release|Any CPU.ActiveCfg = Release|Any CPU
		{FF1F59E8-59D5-4E27-80C3-209E0DB3FDEF}.Release|Any CPU.Build.0 = Release|Any CPU
		{D9F94D49-03F1-446B-9E7A-20456BFFEF51}.Debug|Any CPU.ActiveCfg = Debug|Any CPU
		{D9F94D49-03F1-446B-9E7A-20456BFFEF51}.Debug|Any CPU.Build.0 = Debug|Any CPU
		{D9F94D49-03F1-446B-9E7A-20456BFFEF51}.Release|Any CPU.ActiveCfg = Release|Any CPU
		{D9F94D49-03F1-446B-9E7A-20456BFFEF51}.Release|Any CPU.Build.0 = Release|Any CPU
		{A26D3932-54E5-40D1-A752-7ABE46DB0024}.Debug|Any CPU.ActiveCfg = Debug|Any CPU
		{A26D3932-54E5-40D1-A752-7ABE46DB0024}.Debug|Any CPU.Build.0 = Debug|Any CPU
		{A26D3932-54E5-40D1-A752-7ABE46DB0024}.Release|Any CPU.ActiveCfg = Release|Any CPU
		{A26D3932-54E5-40D1-A752-7ABE46DB0024}.Release|Any CPU.Build.0 = Release|Any CPU
	EndGlobalSection
	GlobalSection(SolutionProperties) = preSolution
		HideSolutionNode = FALSE
	EndGlobalSection
	GlobalSection(NestedProjects) = preSolution
		{35E94660-B767-41DC-BF65-F42DE7EE438F} = {D9911632-EC0A-4D67-BAAE-845FB2E23ADB}
		{E3A197F3-6C61-4D75-A678-25EFC772582A} = {D9911632-EC0A-4D67-BAAE-845FB2E23ADB}
		{E6F49BBF-5A8A-4562-BD98-7D5FA869819F} = {D9911632-EC0A-4D67-BAAE-845FB2E23ADB}
		{DDEC80F2-1811-414B-8870-3969BFF8EB05} = {D9911632-EC0A-4D67-BAAE-845FB2E23ADB}
		{7CDDC4AD-2505-4A87-B215-82D730DC7ACB} = {AAD95EFA-6C0C-43CE-ADD3-2666ACB201CD}
		{35AE7735-56BE-4996-A195-5EE368C57AA8} = {AAD95EFA-6C0C-43CE-ADD3-2666ACB201CD}
		{F6582C1D-FD87-4164-AE11-C33E8C37DB8A} = {AAD95EFA-6C0C-43CE-ADD3-2666ACB201CD}
		{F684C64C-8653-4190-91FA-D68EC1DADFFE} = {DD2D24E8-A8A4-4B43-A821-6A9F34F0F979}
	EndGlobalSection
	GlobalSection(ExtensibilityGlobals) = postSolution
		SolutionGuid = {5A5CF79B-4EAB-419C-8A59-CFC78A6DA1AE}
	EndGlobalSection
EndGlobal
