
Microsoft Visual Studio Solution File, Format Version 12.00
# Visual Studio Version 17
VisualStudioVersion = 17.4.33213.308
MinimumVisualStudioVersion = 10.0.40219.1
Project("{9A19103F-16F7-4668-BE54-9A1E7A4F7556}") = "UndervisningC+NET", "UndervisningC+NET\UndervisningC+NET.csproj", "{C90BDE72-1704-4486-95CF-9675DAF91E22}"
EndProject
Project("{FAE04EC0-301F-11D3-BF4B-00C04F79EFBC}") = "Lektion3", "Lektion32\Lektion3.csproj", "{35E94660-B767-41DC-BF65-F42DE7EE438F}"
EndProject
Project("{FAE04EC0-301F-11D3-BF4B-00C04F79EFBC}") = "Lektion3-Shape", "Shape\Lektion3-Shape.csproj", "{E3A197F3-6C61-4D75-A678-25EFC772582A}"
EndProject
Project("{FAE04EC0-301F-11D3-BF4B-00C04F79EFBC}") = "Lektion3-Værksted", "Lektion3-Værksted\Lektion3-Værksted.csproj", "{E6F49BBF-5A8A-4562-BD98-7D5FA869819F}"
EndProject
Project("{FAE04EC0-301F-11D3-BF4B-00C04F79EFBC}") = "Time", "Time\Time.csproj", "{DDEC80F2-1811-414B-8870-3969BFF8EB05}"
EndProject
Global
	GlobalSection(SolutionConfigurationPlatforms) = preSolution
		Debug|Any CPU = Debug|Any CPU
		Release|Any CPU = Release|Any CPU
	EndGlobalSection
	GlobalSection(ProjectConfigurationPlatforms) = postSolution
		{C90BDE72-1704-4486-95CF-9675DAF91E22}.Debug|Any CPU.ActiveCfg = Debug|Any CPU
		{C90BDE72-1704-4486-95CF-9675DAF91E22}.Debug|Any CPU.Build.0 = Debug|Any CPU
		{C90BDE72-1704-4486-95CF-9675DAF91E22}.Release|Any CPU.ActiveCfg = Release|Any CPU
		{C90BDE72-1704-4486-95CF-9675DAF91E22}.Release|Any CPU.Build.0 = Release|Any CPU
		{35E94660-B767-41DC-BF65-F42DE7EE438F}.Debug|Any CPU.ActiveCfg = Debug|Any CPU
		{35E94660-B767-41DC-BF65-F42DE7EE438F}.Debug|Any CPU.Build.0 = Debug|Any CPU
		{35E94660-B767-41DC-BF65-F42DE7EE438F}.Release|Any CPU.ActiveCfg = Release|Any CPU
		{35E94660-B767-41DC-BF65-F42DE7EE438F}.Release|Any CPU.Build.0 = Release|Any CPU
		{E3A197F3-6C61-4D75-A678-25EFC772582A}.Debug|Any CPU.ActiveCfg = Debug|Any CPU
		{E3A197F3-6C61-4D75-A678-25EFC772582A}.Debug|Any CPU.Build.0 = Debug|Any CPU
		{E3A197F3-6C61-4D75-A678-25EFC772582A}.Release|Any CPU.ActiveCfg = Release|Any CPU
		{E3A197F3-6C61-4D75-A678-25EFC772582A}.Release|Any CPU.Build.0 = Release|Any CPU
		{E6F49BBF-5A8A-4562-BD98-7D5FA869819F}.Debug|Any CPU.ActiveCfg = Debug|Any CPU
		{E6F49BBF-5A8A-4562-BD98-7D5FA869819F}.Debug|Any CPU.Build.0 = Debug|Any CPU
		{E6F49BBF-5A8A-4562-BD98-7D5FA869819F}.Release|Any CPU.ActiveCfg = Release|Any CPU
		{E6F49BBF-5A8A-4562-BD98-7D5FA869819F}.Release|Any CPU.Build.0 = Release|Any CPU
		{DDEC80F2-1811-414B-8870-3969BFF8EB05}.Debug|Any CPU.ActiveCfg = Debug|Any CPU
		{DDEC80F2-1811-414B-8870-3969BFF8EB05}.Debug|Any CPU.Build.0 = Debug|Any CPU
		{DDEC80F2-1811-414B-8870-3969BFF8EB05}.Release|Any CPU.ActiveCfg = Release|Any CPU
		{DDEC80F2-1811-414B-8870-3969BFF8EB05}.Release|Any CPU.Build.0 = Release|Any CPU
	EndGlobalSection
	GlobalSection(SolutionProperties) = preSolution
		HideSolutionNode = FALSE
	EndGlobalSection
	GlobalSection(ExtensibilityGlobals) = postSolution
		SolutionGuid = {5A5CF79B-4EAB-419C-8A59-CFC78A6DA1AE}
	EndGlobalSection
EndGlobal
